# This file was autogenerated by Stack.
# You should not edit this file by hand.
# For more information, please see the documentation at:
#   https://docs.haskellstack.org/en/stable/lock_files

packages:
- completed:
    hackage: git-0.3.0@sha256:dc070840ab24792c9664b9e3e69c9d55d30fc36fee41049c548bb0e8ec83c919,3448
    pantry-tree:
      size: 1900
      sha256: da2861008035f16e43f0c4ea293cec15e04b398c911fa99322d159e19cd0266e
  original:
    hackage: git-0.3.0
- completed:
    hackage: patience-0.2.1.0@sha256:8fb2a274090f2cdbb78c758408a8ed9f6d7a26a09d5621ab3afc9dfe01e2247f,1336
    pantry-tree:
      size: 368
      sha256: 442fdb22fbd6d87d4f5d72ac3322285f7bb2237965b4393ec60036bf43d2a4c8
  original:
    hackage: patience-0.2.1.0
snapshots:
- completed:
    size: 524163
    url: https://raw.githubusercontent.com/commercialhaskell/stackage-snapshots/master/lts/14/25.yaml
    sha256: 97548b4e927a8a862d4a203687ca18a3f5d2ae75b4b72c946fb29c17df1a5082
  original: lts-14.25
