# This file was autogenerated by Stack.
# You should not edit this file by hand.
# For more information, please see the documentation at:
#   https://docs.haskellstack.org/en/stable/lock_files

packages:
- completed:
    size: 50416
    url: https://github.com/kquick/hs-git/archive/fdb7973ff2c482124d7806906a24bdfc5b94b989.tar.gz
    name: git
    version: 0.3.0
    sha256: 56d1bfa8efcd56b638445e69c8d1e14d29fd4a1c1fbd37f639153da414128656
    pantry-tree:
      size: 2213
      sha256: 72f57e8e4df49e214c229110ac2e2447e29c6cffea4e42fd3b11e65ff28c633b
  original:
    url: https://github.com/kquick/hs-git/archive/fdb7973ff2c482124d7806906a24bdfc5b94b989.tar.gz
- completed:
    hackage: patience-0.2.1.0@sha256:8fb2a274090f2cdbb78c758408a8ed9f6d7a26a09d5621ab3afc9dfe01e2247f,1336
    pantry-tree:
      size: 368
      sha256: 442fdb22fbd6d87d4f5d72ac3322285f7bb2237965b4393ec60036bf43d2a4c8
  original:
    hackage: patience-0.2.1.0
snapshots:
- completed:
    size: 531707
    url: https://raw.githubusercontent.com/commercialhaskell/stackage-snapshots/master/lts/16/5.yaml
    sha256: 9751e25e0af5713a53ddcfcc79564b082c71b1b357fadef0d85672a5b5ba3703
  original: lts-16.5
